// !$*UTF8*$!
{
	archiveVersion = 1;
	classes = {
	};
	objectVersion = 70;
	objects = {

/* Begin PBXBuildFile section */
		120D3C722DBA40AB0093D596 /* .swiftlint.yml in Resources */ = {isa = PBXBuildFile; fileRef = 120D3C712DBA40A40093D596 /* .swiftlint.yml */; };
		120D3C732DBA40AB0093D596 /* .swiftlint.yml in Resources */ = {isa = PBXBuildFile; fileRef = 120D3C712DBA40A40093D596 /* .swiftlint.yml */; };
		126C428D2DB99627006BC27D /* Localizable.xcstrings in Resources */ = {isa = PBXBuildFile; fileRef = 126C428C2DB99627006BC27D /* Localizable.xcstrings */; };
		126C428E2DB99627006BC27D /* Localizable.xcstrings in Resources */ = {isa = PBXBuildFile; fileRef = 126C428C2DB99627006BC27D /* Localizable.xcstrings */; };
		132E351D2D959DDB0007800E /* Drops in Frameworks */ = {isa = PBXBuildFile; productRef = 132E351C2D959DDB0007800E /* Drops */; };
		132E35202D959E1D0007800E /* FFmpeg-iOS-Lame in Frameworks */ = {isa = PBXBuildFile; productRef = 132E351F2D959E1D0007800E /* FFmpeg-iOS-Lame */; };
		132E35232D959E410007800E /* Kingfisher in Frameworks */ = {isa = PBXBuildFile; productRef = 132E35222D959E410007800E /* Kingfisher */; };
		13B77E192DA44F8300126FDF /* MarqueeLabel in Frameworks */ = {isa = PBXBuildFile; productRef = 13B77E182DA44F8300126FDF /* MarqueeLabel */; };
/* End PBXBuildFile section */

/* Begin PBXFileReference section */
		120764652DB6F6E0003621E9 /* SulfurTV.app */ = {isa = PBXFileReference; explicitFileType = wrapper.application; includeInIndex = 0; path = SulfurTV.app; sourceTree = BUILT_PRODUCTS_DIR; };
		120D3C712DBA40A40093D596 /* .swiftlint.yml */ = {isa = PBXFileReference; lastKnownFileType = text.yaml; path = .swiftlint.yml; sourceTree = "<group>"; };
		126C428A2DB9921C006BC27D /* AVFoundation.framework */ = {isa = PBXFileReference; lastKnownFileType = wrapper.framework; name = AVFoundation.framework; path = System/Library/Frameworks/AVFoundation.framework; sourceTree = SDKROOT; };
		126C428C2DB99627006BC27D /* Localizable.xcstrings */ = {isa = PBXFileReference; lastKnownFileType = text.json.xcstrings; path = Localizable.xcstrings; sourceTree = "<group>"; };
		133D7C6A2D2BE2500075467E /* Sulfur.app */ = {isa = PBXFileReference; explicitFileType = wrapper.application; includeInIndex = 0; path = Sulfur.app; sourceTree = BUILT_PRODUCTS_DIR; };
/* End PBXFileReference section */

/* Begin PBXFileSystemSynchronizedBuildFileExceptionSet section */
		126C43382DB9AA97006BC27D /* PBXFileSystemSynchronizedBuildFileExceptionSet */ = {
			isa = PBXFileSystemSynchronizedBuildFileExceptionSet;
			membershipExceptions = (
				Info.plist,
			);
			target = 133D7C692D2BE2500075467E /* Sulfur */;
		};
		126C43392DB9AB0E006BC27D /* PBXFileSystemSynchronizedBuildFileExceptionSet */ = {
			isa = PBXFileSystemSynchronizedBuildFileExceptionSet;
			membershipExceptions = (
				Info.plist,
			);
			target = 120764642DB6F6E0003621E9 /* SulfurTV */;
		};
/* End PBXFileSystemSynchronizedBuildFileExceptionSet section */

/* Begin PBXFileSystemSynchronizedRootGroup section */
		120764662DB6F6E0003621E9 /* SulfurTV */ = {isa = PBXFileSystemSynchronizedRootGroup; exceptions = (126C43392DB9AB0E006BC27D /* PBXFileSystemSynchronizedBuildFileExceptionSet */, ); explicitFileTypes = {}; explicitFolders = (); path = SulfurTV; sourceTree = "<group>"; };
		126C42F62DB9AA97006BC27D /* Sora */ = {isa = PBXFileSystemSynchronizedRootGroup; exceptions = (126C43382DB9AA97006BC27D /* PBXFileSystemSynchronizedBuildFileExceptionSet */, ); explicitFileTypes = {}; explicitFolders = (); path = Sora; sourceTree = "<group>"; };
/* End PBXFileSystemSynchronizedRootGroup section */

/* Begin PBXFrameworksBuildPhase section */
		120764622DB6F6E0003621E9 /* Frameworks */ = {
			isa = PBXFrameworksBuildPhase;
			buildActionMask = 2147483647;
			files = (
			);
			runOnlyForDeploymentPostprocessing = 0;
		};
		133D7C672D2BE2500075467E /* Frameworks */ = {
			isa = PBXFrameworksBuildPhase;
			buildActionMask = 2147483647;
			files = (
				13B77E192DA44F8300126FDF /* MarqueeLabel in Frameworks */,
				132E35232D959E410007800E /* Kingfisher in Frameworks */,
				132E35202D959E1D0007800E /* FFmpeg-iOS-Lame in Frameworks */,
				132E351D2D959DDB0007800E /* Drops in Frameworks */,
			);
			runOnlyForDeploymentPostprocessing = 0;
		};
/* End PBXFrameworksBuildPhase section */

/* Begin PBXGroup section */
		126C42872DB99209006BC27D /* Frameworks */ = {
			isa = PBXGroup;
			children = (
				126C428A2DB9921C006BC27D /* AVFoundation.framework */,
			);
			name = Frameworks;
			sourceTree = "<group>";
		};
		133D7C612D2BE2500075467E = {
			isa = PBXGroup;
			children = (
				120D3C712DBA40A40093D596 /* .swiftlint.yml */,
				126C428C2DB99627006BC27D /* Localizable.xcstrings */,
				126C42F62DB9AA97006BC27D /* Sora */,
				120764662DB6F6E0003621E9 /* SulfurTV */,
				126C42872DB99209006BC27D /* Frameworks */,
				133D7C6B2D2BE2500075467E /* Products */,
			);
			sourceTree = "<group>";
		};
		133D7C6B2D2BE2500075467E /* Products */ = {
			isa = PBXGroup;
			children = (
				133D7C6A2D2BE2500075467E /* Sulfur.app */,
				120764652DB6F6E0003621E9 /* SulfurTV.app */,
			);
			name = Products;
			sourceTree = "<group>";
		};
/* End PBXGroup section */

/* Begin PBXNativeTarget section */
		120764642DB6F6E0003621E9 /* SulfurTV */ = {
			isa = PBXNativeTarget;
			buildConfigurationList = 1207646F2DB6F6E1003621E9 /* Build configuration list for PBXNativeTarget "SulfurTV" */;
			buildPhases = (
				120764612DB6F6E0003621E9 /* Sources */,
				120764622DB6F6E0003621E9 /* Frameworks */,
				120764632DB6F6E0003621E9 /* Resources */,
			);
			buildRules = (
			);
			dependencies = (
				120D3C702DBA3DF90093D596 /* PBXTargetDependency */,
			);
			fileSystemSynchronizedGroups = (
				120764662DB6F6E0003621E9 /* SulfurTV */,
			);
			name = SulfurTV;
			packageProductDependencies = (
			);
			productName = SulfurTV;
			productReference = 120764652DB6F6E0003621E9 /* SulfurTV.app */;
			productType = "com.apple.product-type.application";
		};
		133D7C692D2BE2500075467E /* Sulfur */ = {
			isa = PBXNativeTarget;
			buildConfigurationList = 133D7C782D2BE2520075467E /* Build configuration list for PBXNativeTarget "Sulfur" */;
			buildPhases = (
				133D7C662D2BE2500075467E /* Sources */,
				133D7C672D2BE2500075467E /* Frameworks */,
				133D7C682D2BE2500075467E /* Resources */,
			);
			buildRules = (
			);
			dependencies = (
				120D3C6E2DBA3DF30093D596 /* PBXTargetDependency */,
			);
			fileSystemSynchronizedGroups = (
				126C42F62DB9AA97006BC27D /* Sora */,
			);
			name = Sulfur;
			packageProductDependencies = (
				132E351C2D959DDB0007800E /* Drops */,
				132E351F2D959E1D0007800E /* FFmpeg-iOS-Lame */,
				132E35222D959E410007800E /* Kingfisher */,
				13B77E182DA44F8300126FDF /* MarqueeLabel */,
			);
			productName = Sora;
			productReference = 133D7C6A2D2BE2500075467E /* Sulfur.app */;
			productType = "com.apple.product-type.application";
		};
/* End PBXNativeTarget section */

/* Begin PBXProject section */
		133D7C622D2BE2500075467E /* Project object */ = {
			isa = PBXProject;
			attributes = {
				BuildIndependentTargetsInParallel = 1;
				LastSwiftUpdateCheck = 1630;
				LastUpgradeCheck = 1630;
				TargetAttributes = {
					120764642DB6F6E0003621E9 = {
						CreatedOnToolsVersion = 16.3;
					};
					133D7C692D2BE2500075467E = {
						CreatedOnToolsVersion = 13.2.1;
					};
				};
			};
			buildConfigurationList = 133D7C652D2BE2500075467E /* Build configuration list for PBXProject "Sulfur" */;
			compatibilityVersion = "Xcode 13.0";
			developmentRegion = en;
			hasScannedForEncodings = 0;
			knownRegions = (
				en,
				de,
				Base,
			);
			mainGroup = 133D7C612D2BE2500075467E;
			packageReferences = (
				132E351B2D959DDB0007800E /* XCRemoteSwiftPackageReference "Drops" */,
				132E351E2D959E1D0007800E /* XCRemoteSwiftPackageReference "FFmpeg-iOS-Lame" */,
				132E35212D959E410007800E /* XCRemoteSwiftPackageReference "Kingfisher" */,
				13B77E172DA44F8300126FDF /* XCRemoteSwiftPackageReference "MarqueeLabel" */,
				120D3C6C2DBA3D790093D596 /* XCRemoteSwiftPackageReference "SwiftLintPlugins" */,
			);
			productRefGroup = 133D7C6B2D2BE2500075467E /* Products */;
			projectDirPath = "";
			projectRoot = "";
			targets = (
				133D7C692D2BE2500075467E /* Sulfur */,
				120764642DB6F6E0003621E9 /* SulfurTV */,
			);
		};
/* End PBXProject section */

/* Begin PBXResourcesBuildPhase section */
		120764632DB6F6E0003621E9 /* Resources */ = {
			isa = PBXResourcesBuildPhase;
			buildActionMask = 2147483647;
			files = (
				120D3C722DBA40AB0093D596 /* .swiftlint.yml in Resources */,
				126C428E2DB99627006BC27D /* Localizable.xcstrings in Resources */,
			);
			runOnlyForDeploymentPostprocessing = 0;
		};
		133D7C682D2BE2500075467E /* Resources */ = {
			isa = PBXResourcesBuildPhase;
			buildActionMask = 2147483647;
			files = (
				120D3C732DBA40AB0093D596 /* .swiftlint.yml in Resources */,
				126C428D2DB99627006BC27D /* Localizable.xcstrings in Resources */,
			);
			runOnlyForDeploymentPostprocessing = 0;
		};
/* End PBXResourcesBuildPhase section */

/* Begin PBXSourcesBuildPhase section */
		120764612DB6F6E0003621E9 /* Sources */ = {
			isa = PBXSourcesBuildPhase;
			buildActionMask = 2147483647;
			files = (
			);
			runOnlyForDeploymentPostprocessing = 0;
		};
		133D7C662D2BE2500075467E /* Sources */ = {
			isa = PBXSourcesBuildPhase;
			buildActionMask = 2147483647;
			files = (
			);
			runOnlyForDeploymentPostprocessing = 0;
		};
/* End PBXSourcesBuildPhase section */

/* Begin PBXTargetDependency section */
		120D3C6E2DBA3DF30093D596 /* PBXTargetDependency */ = {
			isa = PBXTargetDependency;
			productRef = 120D3C6D2DBA3DF30093D596 /* SwiftLintBuildToolPlugin */;
		};
		120D3C702DBA3DF90093D596 /* PBXTargetDependency */ = {
			isa = PBXTargetDependency;
			productRef = 120D3C6F2DBA3DF90093D596 /* SwiftLintBuildToolPlugin */;
		};
/* End PBXTargetDependency section */

/* Begin XCBuildConfiguration section */
		1207646D2DB6F6E1003621E9 /* Debug */ = {
			isa = XCBuildConfiguration;
			buildSettings = {
				ASSETCATALOG_COMPILER_APPICON_NAME = "App Icon & Top Shelf Image";
				ASSETCATALOG_COMPILER_GLOBAL_ACCENT_COLOR_NAME = AccentColor;
				CLANG_CXX_LANGUAGE_STANDARD = "gnu++20";
				CODE_SIGN_STYLE = Automatic;
				CURRENT_PROJECT_VERSION = 1;
				DEVELOPMENT_TEAM = AXLC3PQNC8;
				ENABLE_PREVIEWS = YES;
				GCC_C_LANGUAGE_STANDARD = gnu17;
				GENERATE_INFOPLIST_FILE = YES;
				INFOPLIST_FILE = SulfurTV/Info.plist;
				INFOPLIST_KEY_CFBundleDisplayName = Sora;
				INFOPLIST_KEY_ITSAppUsesNonExemptEncryption = NO;
				INFOPLIST_KEY_LSApplicationCategoryType = "public.app-category.entertainment";
				INFOPLIST_KEY_UILaunchScreen_Generation = YES;
				INFOPLIST_KEY_UIUserInterfaceStyle = Automatic;
				IPHONEOS_DEPLOYMENT_TARGET = 16.6;
				LD_RUNPATH_SEARCH_PATHS = (
					"$(inherited)",
					"@executable_path/Frameworks",
				);
				LOCALIZATION_PREFERS_STRING_CATALOGS = YES;
				MARKETING_VERSION = 0.3.0;
				OTHER_LDFLAGS = "-w";
				PRODUCT_BUNDLE_IDENTIFIER = de.devsforge.sulfurTV;
				PRODUCT_NAME = "$(TARGET_NAME)";
				SDKROOT = appletvos;
				SWIFT_ACTIVE_COMPILATION_CONDITIONS = "DEBUG $(inherited)";
				SWIFT_EMIT_LOC_STRINGS = YES;
				SWIFT_VERSION = 5.0;
				TARGETED_DEVICE_FAMILY = 3;
				TVOS_DEPLOYMENT_TARGET = 15.0;
			};
			name = Debug;
		};
		1207646E2DB6F6E1003621E9 /* Release */ = {
			isa = XCBuildConfiguration;
			buildSettings = {
				ASSETCATALOG_COMPILER_APPICON_NAME = "App Icon & Top Shelf Image";
				ASSETCATALOG_COMPILER_GLOBAL_ACCENT_COLOR_NAME = AccentColor;
				CLANG_CXX_LANGUAGE_STANDARD = "gnu++20";
				CODE_SIGN_STYLE = Automatic;
				CURRENT_PROJECT_VERSION = 1;
				DEVELOPMENT_TEAM = AXLC3PQNC8;
				ENABLE_PREVIEWS = YES;
				GCC_C_LANGUAGE_STANDARD = gnu17;
				GENERATE_INFOPLIST_FILE = YES;
				INFOPLIST_FILE = SulfurTV/Info.plist;
				INFOPLIST_KEY_CFBundleDisplayName = Sora;
				INFOPLIST_KEY_ITSAppUsesNonExemptEncryption = NO;
				INFOPLIST_KEY_LSApplicationCategoryType = "public.app-category.entertainment";
				INFOPLIST_KEY_UILaunchScreen_Generation = YES;
				INFOPLIST_KEY_UIUserInterfaceStyle = Automatic;
				IPHONEOS_DEPLOYMENT_TARGET = 16.6;
				LD_RUNPATH_SEARCH_PATHS = (
					"$(inherited)",
					"@executable_path/Frameworks",
				);
				LOCALIZATION_PREFERS_STRING_CATALOGS = YES;
				MARKETING_VERSION = 0.3.0;
				OTHER_LDFLAGS = "-w";
				PRODUCT_BUNDLE_IDENTIFIER = de.devsforge.sulfurTV;
				PRODUCT_NAME = "$(TARGET_NAME)";
				SDKROOT = appletvos;
				SWIFT_EMIT_LOC_STRINGS = YES;
				SWIFT_VERSION = 5.0;
				TARGETED_DEVICE_FAMILY = 3;
				TVOS_DEPLOYMENT_TARGET = 15.0;
			};
			name = Release;
		};
		133D7C762D2BE2520075467E /* Debug */ = {
			isa = XCBuildConfiguration;
			buildSettings = {
				ALWAYS_SEARCH_USER_PATHS = NO;
				ASSETCATALOG_COMPILER_GENERATE_SWIFT_ASSET_SYMBOL_EXTENSIONS = YES;
				CLANG_ANALYZER_NONNULL = YES;
				CLANG_ANALYZER_NUMBER_OBJECT_CONVERSION = YES_AGGRESSIVE;
				CLANG_CXX_LANGUAGE_STANDARD = "gnu++17";
				CLANG_CXX_LIBRARY = "libc++";
				CLANG_ENABLE_MODULES = YES;
				CLANG_ENABLE_OBJC_ARC = YES;
				CLANG_ENABLE_OBJC_WEAK = YES;
				CLANG_WARN_BLOCK_CAPTURE_AUTORELEASING = YES;
				CLANG_WARN_BOOL_CONVERSION = YES;
				CLANG_WARN_COMMA = YES;
				CLANG_WARN_CONSTANT_CONVERSION = YES;
				CLANG_WARN_DEPRECATED_OBJC_IMPLEMENTATIONS = YES;
				CLANG_WARN_DIRECT_OBJC_ISA_USAGE = YES_ERROR;
				CLANG_WARN_DOCUMENTATION_COMMENTS = YES;
				CLANG_WARN_EMPTY_BODY = YES;
				CLANG_WARN_ENUM_CONVERSION = YES;
				CLANG_WARN_INFINITE_RECURSION = YES;
				CLANG_WARN_INT_CONVERSION = YES;
				CLANG_WARN_NON_LITERAL_NULL_CONVERSION = YES;
				CLANG_WARN_OBJC_IMPLICIT_RETAIN_SELF = YES;
				CLANG_WARN_OBJC_LITERAL_CONVERSION = YES;
				CLANG_WARN_OBJC_ROOT_CLASS = YES_ERROR;
				CLANG_WARN_QUOTED_INCLUDE_IN_FRAMEWORK_HEADER = YES;
				CLANG_WARN_RANGE_LOOP_ANALYSIS = YES;
				CLANG_WARN_STRICT_PROTOTYPES = YES;
				CLANG_WARN_SUSPICIOUS_MOVE = YES;
				CLANG_WARN_UNGUARDED_AVAILABILITY = YES_AGGRESSIVE;
				CLANG_WARN_UNREACHABLE_CODE = YES;
				CLANG_WARN__DUPLICATE_METHOD_MATCH = YES;
				COPY_PHASE_STRIP = NO;
				DEBUG_INFORMATION_FORMAT = dwarf;
				DEVELOPMENT_TEAM = AXLC3PQNC8;
				ENABLE_STRICT_OBJC_MSGSEND = YES;
				ENABLE_TESTABILITY = YES;
				ENABLE_USER_SCRIPT_SANDBOXING = YES;
				GCC_C_LANGUAGE_STANDARD = gnu11;
				GCC_DYNAMIC_NO_PIC = NO;
				GCC_NO_COMMON_BLOCKS = YES;
				GCC_OPTIMIZATION_LEVEL = 0;
				GCC_PREPROCESSOR_DEFINITIONS = (
					"DEBUG=1",
					"$(inherited)",
				);
				GCC_WARN_64_TO_32_BIT_CONVERSION = YES;
				GCC_WARN_ABOUT_RETURN_TYPE = YES_ERROR;
				GCC_WARN_UNDECLARED_SELECTOR = YES;
				GCC_WARN_UNINITIALIZED_AUTOS = YES_AGGRESSIVE;
				GCC_WARN_UNUSED_FUNCTION = YES;
				GCC_WARN_UNUSED_VARIABLE = YES;
				IPHONEOS_DEPLOYMENT_TARGET = 15.6;
				MTL_ENABLE_DEBUG_INFO = INCLUDE_SOURCE;
				MTL_FAST_MATH = YES;
				ONLY_ACTIVE_ARCH = YES;
				OTHER_LDFLAGS = "-w";
				SDKROOT = iphoneos;
				SWIFT_ACTIVE_COMPILATION_CONDITIONS = DEBUG;
				SWIFT_EMIT_LOC_STRINGS = YES;
				SWIFT_OPTIMIZATION_LEVEL = "-Onone";
				SWIFT_VERSION = 5.0;
			};
			name = Debug;
		};
		133D7C772D2BE2520075467E /* Release */ = {
			isa = XCBuildConfiguration;
			buildSettings = {
				ALWAYS_SEARCH_USER_PATHS = NO;
				ASSETCATALOG_COMPILER_GENERATE_SWIFT_ASSET_SYMBOL_EXTENSIONS = YES;
				CLANG_ANALYZER_NONNULL = YES;
				CLANG_ANALYZER_NUMBER_OBJECT_CONVERSION = YES_AGGRESSIVE;
				CLANG_CXX_LANGUAGE_STANDARD = "gnu++17";
				CLANG_CXX_LIBRARY = "libc++";
				CLANG_ENABLE_MODULES = YES;
				CLANG_ENABLE_OBJC_ARC = YES;
				CLANG_ENABLE_OBJC_WEAK = YES;
				CLANG_WARN_BLOCK_CAPTURE_AUTORELEASING = YES;
				CLANG_WARN_BOOL_CONVERSION = YES;
				CLANG_WARN_COMMA = YES;
				CLANG_WARN_CONSTANT_CONVERSION = YES;
				CLANG_WARN_DEPRECATED_OBJC_IMPLEMENTATIONS = YES;
				CLANG_WARN_DIRECT_OBJC_ISA_USAGE = YES_ERROR;
				CLANG_WARN_DOCUMENTATION_COMMENTS = YES;
				CLANG_WARN_EMPTY_BODY = YES;
				CLANG_WARN_ENUM_CONVERSION = YES;
				CLANG_WARN_INFINITE_RECURSION = YES;
				CLANG_WARN_INT_CONVERSION = YES;
				CLANG_WARN_NON_LITERAL_NULL_CONVERSION = YES;
				CLANG_WARN_OBJC_IMPLICIT_RETAIN_SELF = YES;
				CLANG_WARN_OBJC_LITERAL_CONVERSION = YES;
				CLANG_WARN_OBJC_ROOT_CLASS = YES_ERROR;
				CLANG_WARN_QUOTED_INCLUDE_IN_FRAMEWORK_HEADER = YES;
				CLANG_WARN_RANGE_LOOP_ANALYSIS = YES;
				CLANG_WARN_STRICT_PROTOTYPES = YES;
				CLANG_WARN_SUSPICIOUS_MOVE = YES;
				CLANG_WARN_UNGUARDED_AVAILABILITY = YES_AGGRESSIVE;
				CLANG_WARN_UNREACHABLE_CODE = YES;
				CLANG_WARN__DUPLICATE_METHOD_MATCH = YES;
				COPY_PHASE_STRIP = NO;
				DEBUG_INFORMATION_FORMAT = "dwarf-with-dsym";
				DEVELOPMENT_TEAM = AXLC3PQNC8;
				ENABLE_NS_ASSERTIONS = NO;
				ENABLE_STRICT_OBJC_MSGSEND = YES;
				ENABLE_USER_SCRIPT_SANDBOXING = YES;
				GCC_C_LANGUAGE_STANDARD = gnu11;
				GCC_NO_COMMON_BLOCKS = YES;
				GCC_WARN_64_TO_32_BIT_CONVERSION = YES;
				GCC_WARN_ABOUT_RETURN_TYPE = YES_ERROR;
				GCC_WARN_UNDECLARED_SELECTOR = YES;
				GCC_WARN_UNINITIALIZED_AUTOS = YES_AGGRESSIVE;
				GCC_WARN_UNUSED_FUNCTION = YES;
				GCC_WARN_UNUSED_VARIABLE = YES;
				IPHONEOS_DEPLOYMENT_TARGET = 15.6;
				MTL_ENABLE_DEBUG_INFO = NO;
				MTL_FAST_MATH = YES;
				OTHER_LDFLAGS = "-w";
				SDKROOT = iphoneos;
				SWIFT_COMPILATION_MODE = wholemodule;
				SWIFT_EMIT_LOC_STRINGS = YES;
				SWIFT_OPTIMIZATION_LEVEL = "-O";
				SWIFT_VERSION = 5.0;
				VALIDATE_PRODUCT = YES;
			};
			name = Release;
		};
		133D7C792D2BE2520075467E /* Debug */ = {
			isa = XCBuildConfiguration;
			buildSettings = {
				ASSETCATALOG_COMPILER_ALTERNATE_APPICON_NAMES = "AppIcon_Pride AppIcon_Original AppIcon_Pixel";
				ASSETCATALOG_COMPILER_APPICON_NAME = AppIcon_Default;
				ASSETCATALOG_COMPILER_GLOBAL_ACCENT_COLOR_NAME = AccentColor;
				ASSETCATALOG_COMPILER_INCLUDE_ALL_APPICON_ASSETS = NO;
				CODE_SIGN_ENTITLEMENTS = Sora/Sora.entitlements;
				CODE_SIGN_IDENTITY = "Apple Development";
				"CODE_SIGN_IDENTITY[sdk=macosx*]" = "Apple Development";
				CODE_SIGN_STYLE = Automatic;
				CURRENT_PROJECT_VERSION = 1;
				"ENABLE_HARDENED_RUNTIME[sdk=macosx*]" = NO;
				ENABLE_PREVIEWS = YES;
				ENABLE_TESTABILITY = NO;
				GCC_NO_COMMON_BLOCKS = NO;
				GENERATE_INFOPLIST_FILE = YES;
				INFOPLIST_FILE = Sora/Info.plist;
				INFOPLIST_KEY_CFBundleDisplayName = Sora;
				INFOPLIST_KEY_ITSAppUsesNonExemptEncryption = NO;
				INFOPLIST_KEY_LSApplicationCategoryType = "public.app-category.entertainment";
				INFOPLIST_KEY_NSCameraUsageDescription = "Sora may requires access to your device's camera.";
				INFOPLIST_KEY_UIApplicationSceneManifest_Generation = YES;
				INFOPLIST_KEY_UIApplicationSupportsIndirectInputEvents = YES;
				INFOPLIST_KEY_UILaunchScreen_Generation = YES;
				INFOPLIST_KEY_UISupportedInterfaceOrientations = "UIInterfaceOrientationPortrait UIInterfaceOrientationPortraitUpsideDown UIInterfaceOrientationLandscapeLeft UIInterfaceOrientationLandscapeRight";
				INFOPLIST_KEY_UISupportedInterfaceOrientations_iPad = "UIInterfaceOrientationPortrait UIInterfaceOrientationPortraitUpsideDown UIInterfaceOrientationLandscapeLeft UIInterfaceOrientationLandscapeRight";
				INFOPLIST_KEY_UISupportedInterfaceOrientations_iPhone = "UIInterfaceOrientationPortrait UIInterfaceOrientationLandscapeLeft UIInterfaceOrientationLandscapeRight";
				INFOPLIST_KEY_UISupportsDocumentBrowser = YES;
				IPHONEOS_DEPLOYMENT_TARGET = 15.0;
				LD_RUNPATH_SEARCH_PATHS = (
					"$(inherited)",
					"@executable_path/Frameworks",
				);
				MARKETING_VERSION = 0.3.0;
				OTHER_LDFLAGS = "-w";
				PRODUCT_BUNDLE_IDENTIFIER = de.devsforge.sulfur;
				PRODUCT_NAME = "$(TARGET_NAME)";
				PROVISIONING_PROFILE_SPECIFIER = "";
				"PROVISIONING_PROFILE_SPECIFIER[sdk=macosx*]" = "";
				SUPPORTS_MACCATALYST = NO;
				SWIFT_EMIT_LOC_STRINGS = YES;
				SWIFT_VERSION = 5.0;
				TARGETED_DEVICE_FAMILY = "1,2";
				TVOS_DEPLOYMENT_TARGET = 15.6;
			};
			name = Debug;
		};
		133D7C7A2D2BE2520075467E /* Release */ = {
			isa = XCBuildConfiguration;
			buildSettings = {
				ASSETCATALOG_COMPILER_ALTERNATE_APPICON_NAMES = "AppIcon_Pride AppIcon_Original AppIcon_Pixel";
				ASSETCATALOG_COMPILER_APPICON_NAME = AppIcon_Default;
				ASSETCATALOG_COMPILER_GLOBAL_ACCENT_COLOR_NAME = AccentColor;
				ASSETCATALOG_COMPILER_INCLUDE_ALL_APPICON_ASSETS = NO;
				CODE_SIGN_ENTITLEMENTS = Sora/Sora.entitlements;
				CODE_SIGN_IDENTITY = "Apple Development";
				"CODE_SIGN_IDENTITY[sdk=macosx*]" = "Apple Development";
				CODE_SIGN_STYLE = Automatic;
				CURRENT_PROJECT_VERSION = 1;
				"ENABLE_HARDENED_RUNTIME[sdk=macosx*]" = NO;
				ENABLE_PREVIEWS = YES;
				GCC_NO_COMMON_BLOCKS = NO;
				GENERATE_INFOPLIST_FILE = YES;
				INFOPLIST_FILE = Sora/Info.plist;
				INFOPLIST_KEY_CFBundleDisplayName = Sora;
				INFOPLIST_KEY_ITSAppUsesNonExemptEncryption = NO;
				INFOPLIST_KEY_LSApplicationCategoryType = "public.app-category.entertainment";
				INFOPLIST_KEY_NSCameraUsageDescription = "Sora may requires access to your device's camera.";
				INFOPLIST_KEY_UIApplicationSceneManifest_Generation = YES;
				INFOPLIST_KEY_UIApplicationSupportsIndirectInputEvents = YES;
				INFOPLIST_KEY_UILaunchScreen_Generation = YES;
				INFOPLIST_KEY_UISupportedInterfaceOrientations = "UIInterfaceOrientationPortrait UIInterfaceOrientationPortraitUpsideDown UIInterfaceOrientationLandscapeLeft UIInterfaceOrientationLandscapeRight";
				INFOPLIST_KEY_UISupportedInterfaceOrientations_iPad = "UIInterfaceOrientationPortrait UIInterfaceOrientationPortraitUpsideDown UIInterfaceOrientationLandscapeLeft UIInterfaceOrientationLandscapeRight";
				INFOPLIST_KEY_UISupportedInterfaceOrientations_iPhone = "UIInterfaceOrientationPortrait UIInterfaceOrientationLandscapeLeft UIInterfaceOrientationLandscapeRight";
				INFOPLIST_KEY_UISupportsDocumentBrowser = YES;
				IPHONEOS_DEPLOYMENT_TARGET = 15.0;
				LD_RUNPATH_SEARCH_PATHS = (
					"$(inherited)",
					"@executable_path/Frameworks",
				);
				MARKETING_VERSION = 0.3.0;
				OTHER_LDFLAGS = "-w";
				PRODUCT_BUNDLE_IDENTIFIER = de.devsforge.sulfur;
				PRODUCT_NAME = "$(TARGET_NAME)";
				PROVISIONING_PROFILE_SPECIFIER = "";
				"PROVISIONING_PROFILE_SPECIFIER[sdk=macosx*]" = "";
				SUPPORTS_MACCATALYST = NO;
				SWIFT_EMIT_LOC_STRINGS = YES;
				SWIFT_VERSION = 5.0;
				TARGETED_DEVICE_FAMILY = "1,2";
				TVOS_DEPLOYMENT_TARGET = 15.6;
			};
			name = Release;
		};
/* End XCBuildConfiguration section */

/* Begin XCConfigurationList section */
		1207646F2DB6F6E1003621E9 /* Build configuration list for PBXNativeTarget "SulfurTV" */ = {
			isa = XCConfigurationList;
			buildConfigurations = (
				1207646D2DB6F6E1003621E9 /* Debug */,
				1207646E2DB6F6E1003621E9 /* Release */,
			);
			defaultConfigurationIsVisible = 0;
			defaultConfigurationName = Release;
		};
		133D7C652D2BE2500075467E /* Build configuration list for PBXProject "Sulfur" */ = {
			isa = XCConfigurationList;
			buildConfigurations = (
				133D7C762D2BE2520075467E /* Debug */,
				133D7C772D2BE2520075467E /* Release */,
			);
			defaultConfigurationIsVisible = 0;
			defaultConfigurationName = Release;
		};
		133D7C782D2BE2520075467E /* Build configuration list for PBXNativeTarget "Sulfur" */ = {
			isa = XCConfigurationList;
			buildConfigurations = (
				133D7C792D2BE2520075467E /* Debug */,
				133D7C7A2D2BE2520075467E /* Release */,
			);
			defaultConfigurationIsVisible = 0;
			defaultConfigurationName = Release;
		};
/* End XCConfigurationList section */

/* Begin XCRemoteSwiftPackageReference section */
		120D3C6C2DBA3D790093D596 /* XCRemoteSwiftPackageReference "SwiftLintPlugins" */ = {
			isa = XCRemoteSwiftPackageReference;
			repositoryURL = "https://github.com/SimplyDanny/SwiftLintPlugins";
			requirement = {
				branch = main;
				kind = branch;
			};
		};
		132E351B2D959DDB0007800E /* XCRemoteSwiftPackageReference "Drops" */ = {
			isa = XCRemoteSwiftPackageReference;
			repositoryURL = "https://github.com/omaralbeik/Drops.git";
			requirement = {
				branch = main;
				kind = branch;
			};
		};
		132E351E2D959E1D0007800E /* XCRemoteSwiftPackageReference "FFmpeg-iOS-Lame" */ = {
			isa = XCRemoteSwiftPackageReference;
			repositoryURL = "https://github.com/kewlbear/FFmpeg-iOS-Lame";
			requirement = {
				branch = main;
				kind = branch;
			};
		};
		132E35212D959E410007800E /* XCRemoteSwiftPackageReference "Kingfisher" */ = {
			isa = XCRemoteSwiftPackageReference;
			repositoryURL = "https://github.com/onevcat/Kingfisher.git";
			requirement = {
				branch = master;
				kind = branch;
			};
		};
		13B77E172DA44F8300126FDF /* XCRemoteSwiftPackageReference "MarqueeLabel" */ = {
			isa = XCRemoteSwiftPackageReference;
			repositoryURL = "https://github.com/cbpowell/MarqueeLabel";
			requirement = {
				branch = master;
				kind = branch;
			};
		};
/* End XCRemoteSwiftPackageReference section */

/* Begin XCSwiftPackageProductDependency section */
		120D3C6D2DBA3DF30093D596 /* SwiftLintBuildToolPlugin */ = {
			isa = XCSwiftPackageProductDependency;
			package = 120D3C6C2DBA3D790093D596 /* XCRemoteSwiftPackageReference "SwiftLintPlugins" */;
			productName = "plugin:SwiftLintBuildToolPlugin";
		};
		120D3C6F2DBA3DF90093D596 /* SwiftLintBuildToolPlugin */ = {
			isa = XCSwiftPackageProductDependency;
			package = 120D3C6C2DBA3D790093D596 /* XCRemoteSwiftPackageReference "SwiftLintPlugins" */;
			productName = "plugin:SwiftLintBuildToolPlugin";
		};
		132E351C2D959DDB0007800E /* Drops */ = {
			isa = XCSwiftPackageProductDependency;
			package = 132E351B2D959DDB0007800E /* XCRemoteSwiftPackageReference "Drops" */;
			productName = Drops;
		};
		132E351F2D959E1D0007800E /* FFmpeg-iOS-Lame */ = {
			isa = XCSwiftPackageProductDependency;
			package = 132E351E2D959E1D0007800E /* XCRemoteSwiftPackageReference "FFmpeg-iOS-Lame" */;
			productName = "FFmpeg-iOS-Lame";
		};
		132E35222D959E410007800E /* Kingfisher */ = {
			isa = XCSwiftPackageProductDependency;
			package = 132E35212D959E410007800E /* XCRemoteSwiftPackageReference "Kingfisher" */;
			productName = Kingfisher;
		};
		13B77E182DA44F8300126FDF /* MarqueeLabel */ = {
			isa = XCSwiftPackageProductDependency;
			package = 13B77E172DA44F8300126FDF /* XCRemoteSwiftPackageReference "MarqueeLabel" */;
			productName = MarqueeLabel;
		};
/* End XCSwiftPackageProductDependency section */
	};
	rootObject = 133D7C622D2BE2500075467E /* Project object */;
}
