{
  "originHash" : "201a3201a2876c1cee578165a829a39bb460fe178ce209055cc70e0c28d43134",
  "pins" : [
    {
      "identity" : "drops",
      "kind" : "remoteSourceControl",
      "location" : "https://github.com/omaralbeik/Drops.git",
      "state" : {
        "branch" : "main",
        "revision" : "5824681795286c36bdc4a493081a63e64e2a064e"
      }
    },
    {
      "identity" : "kingfisher",
      "kind" : "remoteSourceControl",
      "location" : "https://github.com/onevcat/Kingfisher.git",
      "state" : {
        "branch" : "master",
        "revision" : "a1704c5e75d563789b8f9f2f88cddee1c3ab4e49"
      }
    },
    {
      "identity" : "marqueelabel",
      "kind" : "remoteSourceControl",
      "location" : "https://github.com/cbpowell/MarqueeLabel",
      "state" : {
        "branch" : "master",
        "revision" : "18e4787f4dc1c26d2d581c4bc9aeae34686eeeae"
      }
    },
    {
      "identity" : "swiftlintplugins",
      "kind" : "remoteSourceControl",
      "location" : "https://github.com/SimplyDanny/SwiftLintPlugins",
      "state" : {
        "branch" : "main",
        "revision" : "8545ddf4de043e6f2051c5cf204f39ef778ebf6b"
      }
    }
  ],
  "version" : 3
}
